
Microsoft Visual Studio Solution File, Format Version 12.00
# Visual Studio 2017
Project("{FAE04EC0-301F-11D3-BF4B-00C04F79EFBC}") = "Random Dungeon Escaper", "Random Dungeon Escaper.csproj", "{7CB708C6-16E5-8D77-53C6-852390F93874}"
EndProject
Project("{FAE04EC0-301F-11D3-BF4B-00C04F79EFBC}") = "Random Dungeon Escaper.Editor", "Random Dungeon Escaper.Editor.csproj", "{15F8626F-C65B-6EC3-6FB5-14D12EE2B27E}"
EndProject
Global
	GlobalSection(SolutionConfigurationPlatforms) = preSolution
		Debug|Any CPU = Debug|Any CPU
		Release|Any CPU = Release|Any CPU
	EndGlobalSection
	GlobalSection(ProjectConfigurationPlatforms) = postSolution
		{7CB708C6-16E5-8D77-53C6-852390F93874}.Debug|Any CPU.ActiveCfg = Debug|Any CPU
		{7CB708C6-16E5-8D77-53C6-852390F93874}.Debug|Any CPU.Build.0 = Debug|Any CPU
		{7CB708C6-16E5-8D77-53C6-852390F93874}.Release|Any CPU.ActiveCfg = Release|Any CPU
		{7CB708C6-16E5-8D77-53C6-852390F93874}.Release|Any CPU.Build.0 = Release|Any CPU
		{15F8626F-C65B-6EC3-6FB5-14D12EE2B27E}.Debug|Any CPU.ActiveCfg = Debug|Any CPU
		{15F8626F-C65B-6EC3-6FB5-14D12EE2B27E}.Debug|Any CPU.Build.0 = Debug|Any CPU
		{15F8626F-C65B-6EC3-6FB5-14D12EE2B27E}.Release|Any CPU.ActiveCfg = Release|Any CPU
		{15F8626F-C65B-6EC3-6FB5-14D12EE2B27E}.Release|Any CPU.Build.0 = Release|Any CPU
	EndGlobalSection
	GlobalSection(SolutionProperties) = preSolution
		HideSolutionNode = FALSE
	EndGlobalSection
EndGlobal
